// !$*UTF8*$!
{
	archiveVersion = 1;
	classes = {
	};
	objectVersion = 77;
	objects = {

/* Begin PBXContainerItemProxy section */
		3435200D2D35A2AA00775955 /* PBXContainerItemProxy */ = {
			isa = PBXContainerItemProxy;
			containerPortal = 34351FF22D35A2A800775955 /* Project object */;
			proxyType = 1;
			remoteGlobalIDString = 34351FF92D35A2A800775955;
			remoteInfo = pomodoroPOC;
		};
		343520172D35A2AA00775955 /* PBXContainerItemProxy */ = {
			isa = PBXContainerItemProxy;
			containerPortal = 34351FF22D35A2A800775955 /* Project object */;
			proxyType = 1;
			remoteGlobalIDString = 34351FF92D35A2A800775955;
			remoteInfo = pomodoroPOC;
		};
/* End PBXContainerItemProxy section */

/* Begin PBXFileReference section */
		34351FFA2D35A2A800775955 /* pomodoroPOC.app */ = {isa = PBXFileReference; explicitFileType = wrapper.application; includeInIndex = 0; path = pomodoroPOC.app; sourceTree = BUILT_PRODUCTS_DIR; };
		3435200C2D35A2AA00775955 /* pomodoroPOCTests.xctest */ = {isa = PBXFileReference; explicitFileType = wrapper.cfbundle; includeInIndex = 0; path = pomodoroPOCTests.xctest; sourceTree = BUILT_PRODUCTS_DIR; };
		343520162D35A2AA00775955 /* pomodoroPOCUITests.xctest */ = {isa = PBXFileReference; explicitFileType = wrapper.cfbundle; includeInIndex = 0; path = pomodoroPOCUITests.xctest; sourceTree = BUILT_PRODUCTS_DIR; };
/* End PBXFileReference section */

/* Begin PBXFileSystemSynchronizedBuildFileExceptionSet section */
		3435207F2D36E8DB00775955 /* Exceptions for "pomodoroPOC" folder in "pomodoroPOC" target */ = {
			isa = PBXFileSystemSynchronizedBuildFileExceptionSet;
			membershipExceptions = (
				Info.plist,
			);
			target = 34351FF92D35A2A800775955 /* pomodoroPOC */;
		};
/* End PBXFileSystemSynchronizedBuildFileExceptionSet section */

/* Begin PBXFileSystemSynchronizedRootGroup section */
		34351FFC2D35A2A800775955 /* pomodoroPOC */ = {
			isa = PBXFileSystemSynchronizedRootGroup;
			exceptions = (
				3435207F2D36E8DB00775955 /* Exceptions for "pomodoroPOC" folder in "pomodoroPOC" target */,
			);
			path = pomodoroPOC;
			sourceTree = "<group>";
		};
		3435200F2D35A2AA00775955 /* pomodoroPOCTests */ = {
			isa = PBXFileSystemSynchronizedRootGroup;
			path = pomodoroPOCTests;
			sourceTree = "<group>";
		};
		343520192D35A2AA00775955 /* pomodoroPOCUITests */ = {
			isa = PBXFileSystemSynchronizedRootGroup;
			path = pomodoroPOCUITests;
			sourceTree = "<group>";
		};
/* End PBXFileSystemSynchronizedRootGroup section */

/* Begin PBXFrameworksBuildPhase section */
		34351FF72D35A2A800775955 /* Frameworks */ = {
			isa = PBXFrameworksBuildPhase;
			buildActionMask = 2147483647;
			files = (
			);
			runOnlyForDeploymentPostprocessing = 0;
		};
		343520092D35A2AA00775955 /* Frameworks */ = {
			isa = PBXFrameworksBuildPhase;
			buildActionMask = 2147483647;
			files = (
			);
			runOnlyForDeploymentPostprocessing = 0;
		};
		343520132D35A2AA00775955 /* Frameworks */ = {
			isa = PBXFrameworksBuildPhase;
			buildActionMask = 2147483647;
			files = (
			);
			runOnlyForDeploymentPostprocessing = 0;
		};
/* End PBXFrameworksBuildPhase section */

/* Begin PBXGroup section */
		34351FF12D35A2A800775955 = {
			isa = PBXGroup;
			children = (
				34351FFC2D35A2A800775955 /* pomodoroPOC */,
				3435200F2D35A2AA00775955 /* pomodoroPOCTests */,
				343520192D35A2AA00775955 /* pomodoroPOCUITests */,
				34351FFB2D35A2A800775955 /* Products */,
			);
			sourceTree = "<group>";
		};
		34351FFB2D35A2A800775955 /* Products */ = {
			isa = PBXGroup;
			children = (
				34351FFA2D35A2A800775955 /* pomodoroPOC.app */,
				3435200C2D35A2AA00775955 /* pomodoroPOCTests.xctest */,
				343520162D35A2AA00775955 /* pomodoroPOCUITests.xctest */,
			);
			name = Products;
			sourceTree = "<group>";
		};
/* End PBXGroup section */

/* Begin PBXNativeTarget section */
		34351FF92D35A2A800775955 /* pomodoroPOC */ = {
			isa = PBXNativeTarget;
			buildConfigurationList = 343520202D35A2AA00775955 /* Build configuration list for PBXNativeTarget "pomodoroPOC" */;
			buildPhases = (
				34351FF62D35A2A800775955 /* Sources */,
				34351FF72D35A2A800775955 /* Frameworks */,
				34351FF82D35A2A800775955 /* Resources */,
			);
			buildRules = (
			);
			dependencies = (
			);
			fileSystemSynchronizedGroups = (
				34351FFC2D35A2A800775955 /* pomodoroPOC */,
			);
			name = pomodoroPOC;
			packageProductDependencies = (
			);
			productName = pomodoroPOC;
			productReference = 34351FFA2D35A2A800775955 /* pomodoroPOC.app */;
			productType = "com.apple.product-type.application";
		};
		3435200B2D35A2AA00775955 /* pomodoroPOCTests */ = {
			isa = PBXNativeTarget;
			buildConfigurationList = 343520232D35A2AA00775955 /* Build configuration list for PBXNativeTarget "pomodoroPOCTests" */;
			buildPhases = (
				343520082D35A2AA00775955 /* Sources */,
				343520092D35A2AA00775955 /* Frameworks */,
				3435200A2D35A2AA00775955 /* Resources */,
			);
			buildRules = (
			);
			dependencies = (
				3435200E2D35A2AA00775955 /* PBXTargetDependency */,
			);
			fileSystemSynchronizedGroups = (
				3435200F2D35A2AA00775955 /* pomodoroPOCTests */,
			);
			name = pomodoroPOCTests;
			packageProductDependencies = (
			);
			productName = pomodoroPOCTests;
			productReference = 3435200C2D35A2AA00775955 /* pomodoroPOCTests.xctest */;
			productType = "com.apple.product-type.bundle.unit-test";
		};
		343520152D35A2AA00775955 /* pomodoroPOCUITests */ = {
			isa = PBXNativeTarget;
			buildConfigurationList = 343520262D35A2AA00775955 /* Build configuration list for PBXNativeTarget "pomodoroPOCUITests" */;
			buildPhases = (
				343520122D35A2AA00775955 /* Sources */,
				343520132D35A2AA00775955 /* Frameworks */,
				343520142D35A2AA00775955 /* Resources */,
			);
			buildRules = (
			);
			dependencies = (
				343520182D35A2AA00775955 /* PBXTargetDependency */,
			);
			fileSystemSynchronizedGroups = (
				343520192D35A2AA00775955 /* pomodoroPOCUITests */,
			);
			name = pomodoroPOCUITests;
			packageProductDependencies = (
			);
			productName = pomodoroPOCUITests;
			productReference = 343520162D35A2AA00775955 /* pomodoroPOCUITests.xctest */;
			productType = "com.apple.product-type.bundle.ui-testing";
		};
/* End PBXNativeTarget section */

/* Begin PBXProject section */
		34351FF22D35A2A800775955 /* Project object */ = {
			isa = PBXProject;
			attributes = {
				BuildIndependentTargetsInParallel = 1;
				LastSwiftUpdateCheck = 1620;
				LastUpgradeCheck = 1620;
				TargetAttributes = {
					34351FF92D35A2A800775955 = {
						CreatedOnToolsVersion = 16.2;
					};
					3435200B2D35A2AA00775955 = {
						CreatedOnToolsVersion = 16.2;
						TestTargetID = 34351FF92D35A2A800775955;
					};
					343520152D35A2AA00775955 = {
						CreatedOnToolsVersion = 16.2;
						TestTargetID = 34351FF92D35A2A800775955;
					};
				};
			};
			buildConfigurationList = 34351FF52D35A2A800775955 /* Build configuration list for PBXProject "pomodoroPOC" */;
			developmentRegion = en;
			hasScannedForEncodings = 0;
			knownRegions = (
				en,
				Base,
			);
			mainGroup = 34351FF12D35A2A800775955;
			minimizedProjectReferenceProxies = 1;
			preferredProjectObjectVersion = 77;
			productRefGroup = 34351FFB2D35A2A800775955 /* Products */;
			projectDirPath = "";
			projectRoot = "";
			targets = (
				34351FF92D35A2A800775955 /* pomodoroPOC */,
				3435200B2D35A2AA00775955 /* pomodoroPOCTests */,
				343520152D35A2AA00775955 /* pomodoroPOCUITests */,
			);
		};
/* End PBXProject section */

/* Begin PBXResourcesBuildPhase section */
		34351FF82D35A2A800775955 /* Resources */ = {
			isa = PBXResourcesBuildPhase;
			buildActionMask = 2147483647;
			files = (
			);
			runOnlyForDeploymentPostprocessing = 0;
		};
		3435200A2D35A2AA00775955 /* Resources */ = {
			isa = PBXResourcesBuildPhase;
			buildActionMask = 2147483647;
			files = (
			);
			runOnlyForDeploymentPostprocessing = 0;
		};
		343520142D35A2AA00775955 /* Resources */ = {
			isa = PBXResourcesBuildPhase;
			buildActionMask = 2147483647;
			files = (
			);
			runOnlyForDeploymentPostprocessing = 0;
		};
/* End PBXResourcesBuildPhase section */

/* Begin PBXSourcesBuildPhase section */
		34351FF62D35A2A800775955 /* Sources */ = {
			isa = PBXSourcesBuildPhase;
			buildActionMask = 2147483647;
			files = (
			);
			runOnlyForDeploymentPostprocessing = 0;
		};
		343520082D35A2AA00775955 /* Sources */ = {
			isa = PBXSourcesBuildPhase;
			buildActionMask = 2147483647;
			files = (
			);
			runOnlyForDeploymentPostprocessing = 0;
		};
		343520122D35A2AA00775955 /* Sources */ = {
			isa = PBXSourcesBuildPhase;
			buildActionMask = 2147483647;
			files = (
			);
			runOnlyForDeploymentPostprocessing = 0;
		};
/* End PBXSourcesBuildPhase section */

/* Begin PBXTargetDependency section */
		3435200E2D35A2AA00775955 /* PBXTargetDependency */ = {
			isa = PBXTargetDependency;
			target = 34351FF92D35A2A800775955 /* pomodoroPOC */;
			targetProxy = 3435200D2D35A2AA00775955 /* PBXContainerItemProxy */;
		};
		343520182D35A2AA00775955 /* PBXTargetDependency */ = {
			isa = PBXTargetDependency;
			target = 34351FF92D35A2A800775955 /* pomodoroPOC */;
			targetProxy = 343520172D35A2AA00775955 /* PBXContainerItemProxy */;
		};
/* End PBXTargetDependency section */

/* Begin XCBuildConfiguration section */
		3435201E2D35A2AA00775955 /* Debug */ = {
			isa = XCBuildConfiguration;
			buildSettings = {
				ALWAYS_SEARCH_USER_PATHS = NO;
				ASSETCATALOG_COMPILER_GENERATE_SWIFT_ASSET_SYMBOL_EXTENSIONS = YES;
				CLANG_ANALYZER_NONNULL = YES;
				CLANG_ANALYZER_NUMBER_OBJECT_CONVERSION = YES_AGGRESSIVE;
				CLANG_CXX_LANGUAGE_STANDARD = "gnu++20";
				CLANG_ENABLE_MODULES = YES;
				CLANG_ENABLE_OBJC_ARC = YES;
				CLANG_ENABLE_OBJC_WEAK = YES;
				CLANG_WARN_BLOCK_CAPTURE_AUTORELEASING = YES;
				CLANG_WARN_BOOL_CONVERSION = YES;
				CLANG_WARN_COMMA = YES;
				CLANG_WARN_CONSTANT_CONVERSION = YES;
				CLANG_WARN_DEPRECATED_OBJC_IMPLEMENTATIONS = YES;
				CLANG_WARN_DIRECT_OBJC_ISA_USAGE = YES_ERROR;
				CLANG_WARN_DOCUMENTATION_COMMENTS = YES;
				CLANG_WARN_EMPTY_BODY = YES;
				CLANG_WARN_ENUM_CONVERSION = YES;
				CLANG_WARN_INFINITE_RECURSION = YES;
				CLANG_WARN_INT_CONVERSION = YES;
				CLANG_WARN_NON_LITERAL_NULL_CONVERSION = YES;
				CLANG_WARN_OBJC_IMPLICIT_RETAIN_SELF = YES;
				CLANG_WARN_OBJC_LITERAL_CONVERSION = YES;
				CLANG_WARN_OBJC_ROOT_CLASS = YES_ERROR;
				CLANG_WARN_QUOTED_INCLUDE_IN_FRAMEWORK_HEADER = YES;
				CLANG_WARN_RANGE_LOOP_ANALYSIS = YES;
				CLANG_WARN_STRICT_PROTOTYPES = YES;
				CLANG_WARN_SUSPICIOUS_MOVE = YES;
				CLANG_WARN_UNGUARDED_AVAILABILITY = YES_AGGRESSIVE;
				CLANG_WARN_UNREACHABLE_CODE = YES;
				CLANG_WARN__DUPLICATE_METHOD_MATCH = YES;
				COPY_PHASE_STRIP = NO;
				DEBUG_INFORMATION_FORMAT = dwarf;
				ENABLE_STRICT_OBJC_MSGSEND = YES;
				ENABLE_TESTABILITY = YES;
				ENABLE_USER_SCRIPT_SANDBOXING = YES;
				GCC_C_LANGUAGE_STANDARD = gnu17;
				GCC_DYNAMIC_NO_PIC = NO;
				GCC_NO_COMMON_BLOCKS = YES;
				GCC_OPTIMIZATION_LEVEL = 0;
				GCC_PREPROCESSOR_DEFINITIONS = (
					"DEBUG=1",
					"$(inherited)",
				);
				GCC_WARN_64_TO_32_BIT_CONVERSION = YES;
				GCC_WARN_ABOUT_RETURN_TYPE = YES_ERROR;
				GCC_WARN_UNDECLARED_SELECTOR = YES;
				GCC_WARN_UNINITIALIZED_AUTOS = YES_AGGRESSIVE;
				GCC_WARN_UNUSED_FUNCTION = YES;
				GCC_WARN_UNUSED_VARIABLE = YES;
				IPHONEOS_DEPLOYMENT_TARGET = 18.2;
				LOCALIZATION_PREFERS_STRING_CATALOGS = YES;
				MTL_ENABLE_DEBUG_INFO = INCLUDE_SOURCE;
				MTL_FAST_MATH = YES;
				ONLY_ACTIVE_ARCH = YES;
				SDKROOT = iphoneos;
				SWIFT_ACTIVE_COMPILATION_CONDITIONS = "DEBUG $(inherited)";
				SWIFT_OPTIMIZATION_LEVEL = "-Onone";
			};
			name = Debug;
		};
		3435201F2D35A2AA00775955 /* Release */ = {
			isa = XCBuildConfiguration;
			buildSettings = {
				ALWAYS_SEARCH_USER_PATHS = NO;
				ASSETCATALOG_COMPILER_GENERATE_SWIFT_ASSET_SYMBOL_EXTENSIONS = YES;
				CLANG_ANALYZER_NONNULL = YES;
				CLANG_ANALYZER_NUMBER_OBJECT_CONVERSION = YES_AGGRESSIVE;
				CLANG_CXX_LANGUAGE_STANDARD = "gnu++20";
				CLANG_ENABLE_MODULES = YES;
				CLANG_ENABLE_OBJC_ARC = YES;
				CLANG_ENABLE_OBJC_WEAK = YES;
				CLANG_WARN_BLOCK_CAPTURE_AUTORELEASING = YES;
				CLANG_WARN_BOOL_CONVERSION = YES;
				CLANG_WARN_COMMA = YES;
				CLANG_WARN_CONSTANT_CONVERSION = YES;
				CLANG_WARN_DEPRECATED_OBJC_IMPLEMENTATIONS = YES;
				CLANG_WARN_DIRECT_OBJC_ISA_USAGE = YES_ERROR;
				CLANG_WARN_DOCUMENTATION_COMMENTS = YES;
				CLANG_WARN_EMPTY_BODY = YES;
				CLANG_WARN_ENUM_CONVERSION = YES;
				CLANG_WARN_INFINITE_RECURSION = YES;
				CLANG_WARN_INT_CONVERSION = YES;
				CLANG_WARN_NON_LITERAL_NULL_CONVERSION = YES;
				CLANG_WARN_OBJC_IMPLICIT_RETAIN_SELF = YES;
				CLANG_WARN_OBJC_LITERAL_CONVERSION = YES;
				CLANG_WARN_OBJC_ROOT_CLASS = YES_ERROR;
				CLANG_WARN_QUOTED_INCLUDE_IN_FRAMEWORK_HEADER = YES;
				CLANG_WARN_RANGE_LOOP_ANALYSIS = YES;
				CLANG_WARN_STRICT_PROTOTYPES = YES;
				CLANG_WARN_SUSPICIOUS_MOVE = YES;
				CLANG_WARN_UNGUARDED_AVAILABILITY = YES_AGGRESSIVE;
				CLANG_WARN_UNREACHABLE_CODE = YES;
				CLANG_WARN__DUPLICATE_METHOD_MATCH = YES;
				COPY_PHASE_STRIP = NO;
				DEBUG_INFORMATION_FORMAT = "dwarf-with-dsym";
				ENABLE_NS_ASSERTIONS = NO;
				ENABLE_STRICT_OBJC_MSGSEND = YES;
				ENABLE_USER_SCRIPT_SANDBOXING = YES;
				GCC_C_LANGUAGE_STANDARD = gnu17;
				GCC_NO_COMMON_BLOCKS = YES;
				GCC_WARN_64_TO_32_BIT_CONVERSION = YES;
				GCC_WARN_ABOUT_RETURN_TYPE = YES_ERROR;
				GCC_WARN_UNDECLARED_SELECTOR = YES;
				GCC_WARN_UNINITIALIZED_AUTOS = YES_AGGRESSIVE;
				GCC_WARN_UNUSED_FUNCTION = YES;
				GCC_WARN_UNUSED_VARIABLE = YES;
				IPHONEOS_DEPLOYMENT_TARGET = 18.2;
				LOCALIZATION_PREFERS_STRING_CATALOGS = YES;
				MTL_ENABLE_DEBUG_INFO = NO;
				MTL_FAST_MATH = YES;
				SDKROOT = iphoneos;
				SWIFT_COMPILATION_MODE = wholemodule;
				VALIDATE_PRODUCT = YES;
			};
			name = Release;
		};
		343520212D35A2AA00775955 /* Debug */ = {
			isa = XCBuildConfiguration;
			buildSettings = {
				ASSETCATALOG_COMPILER_APPICON_NAME = AppIcon;
				ASSETCATALOG_COMPILER_GLOBAL_ACCENT_COLOR_NAME = AccentColor;
				CODE_SIGN_STYLE = Automatic;
				CURRENT_PROJECT_VERSION = 1;
				DEVELOPMENT_ASSET_PATHS = "\"pomodoroPOC/Preview Content\"";
				DEVELOPMENT_TEAM = MT4A7M75NC;
				ENABLE_PREVIEWS = YES;
				GENERATE_INFOPLIST_FILE = YES;
				INFOPLIST_FILE = pomodoroPOC/Info.plist;
				INFOPLIST_KEY_UIApplicationSceneManifest_Generation = YES;
				INFOPLIST_KEY_UIApplicationSupportsIndirectInputEvents = YES;
				INFOPLIST_KEY_UILaunchScreen_Generation = YES;
				INFOPLIST_KEY_UISupportedInterfaceOrientations_iPad = "UIInterfaceOrientationPortrait UIInterfaceOrientationPortraitUpsideDown UIInterfaceOrientationLandscapeLeft UIInterfaceOrientationLandscapeRight";
				INFOPLIST_KEY_UISupportedInterfaceOrientations_iPhone = "UIInterfaceOrientationPortrait UIInterfaceOrientationLandscapeLeft UIInterfaceOrientationLandscapeRight";
				LD_RUNPATH_SEARCH_PATHS = (
					"$(inherited)",
					"@executable_path/Frameworks",
				);
				MARKETING_VERSION = 1.0;
				PRODUCT_BUNDLE_IDENTIFIER = pomodoroPOC.pomodoroPOC;
				PRODUCT_NAME = "$(TARGET_NAME)";
				SWIFT_EMIT_LOC_STRINGS = YES;
				SWIFT_VERSION = 5.0;
				TARGETED_DEVICE_FAMILY = "1,2";
			};
			name = Debug;
		};
		343520222D35A2AA00775955 /* Release */ = {
			isa = XCBuildConfiguration;
			buildSettings = {
				ASSETCATALOG_COMPILER_APPICON_NAME = AppIcon;
				ASSETCATALOG_COMPILER_GLOBAL_ACCENT_COLOR_NAME = AccentColor;
				CODE_SIGN_STYLE = Automatic;
				CURRENT_PROJECT_VERSION = 1;
				DEVELOPMENT_ASSET_PATHS = "\"pomodoroPOC/Preview Content\"";
				DEVELOPMENT_TEAM = MT4A7M75NC;
				ENABLE_PREVIEWS = YES;
				GENERATE_INFOPLIST_FILE = YES;
				INFOPLIST_FILE = pomodoroPOC/Info.plist;
				INFOPLIST_KEY_UIApplicationSceneManifest_Generation = YES;
				INFOPLIST_KEY_UIApplicationSupportsIndirectInputEvents = YES;
				INFOPLIST_KEY_UILaunchScreen_Generation = YES;
				INFOPLIST_KEY_UISupportedInterfaceOrientations_iPad = "UIInterfaceOrientationPortrait UIInterfaceOrientationPortraitUpsideDown UIInterfaceOrientationLandscapeLeft UIInterfaceOrientationLandscapeRight";
				INFOPLIST_KEY_UISupportedInterfaceOrientations_iPhone = "UIInterfaceOrientationPortrait UIInterfaceOrientationLandscapeLeft UIInterfaceOrientationLandscapeRight";
				LD_RUNPATH_SEARCH_PATHS = (
					"$(inherited)",
					"@executable_path/Frameworks",
				);
				MARKETING_VERSION = 1.0;
				PRODUCT_BUNDLE_IDENTIFIER = pomodoroPOC.pomodoroPOC;
				PRODUCT_NAME = "$(TARGET_NAME)";
				SWIFT_EMIT_LOC_STRINGS = YES;
				SWIFT_VERSION = 5.0;
				TARGETED_DEVICE_FAMILY = "1,2";
			};
			name = Release;
		};
		343520242D35A2AA00775955 /* Debug */ = {
			isa = XCBuildConfiguration;
			buildSettings = {
				BUNDLE_LOADER = "$(TEST_HOST)";
				CODE_SIGN_STYLE = Automatic;
				CURRENT_PROJECT_VERSION = 1;
				DEVELOPMENT_TEAM = MT4A7M75NC;
				GENERATE_INFOPLIST_FILE = YES;
				IPHONEOS_DEPLOYMENT_TARGET = 18.2;
				MARKETING_VERSION = 1.0;
				PRODUCT_BUNDLE_IDENTIFIER = pomodoroPOC.pomodoroPOCTests;
				PRODUCT_NAME = "$(TARGET_NAME)";
				SWIFT_EMIT_LOC_STRINGS = NO;
				SWIFT_VERSION = 5.0;
				TARGETED_DEVICE_FAMILY = "1,2";
				TEST_HOST = "$(BUILT_PRODUCTS_DIR)/pomodoroPOC.app/$(BUNDLE_EXECUTABLE_FOLDER_PATH)/pomodoroPOC";
			};
			name = Debug;
		};
		343520252D35A2AA00775955 /* Release */ = {
			isa = XCBuildConfiguration;
			buildSettings = {
				BUNDLE_LOADER = "$(TEST_HOST)";
				CODE_SIGN_STYLE = Automatic;
				CURRENT_PROJECT_VERSION = 1;
				DEVELOPMENT_TEAM = MT4A7M75NC;
				GENERATE_INFOPLIST_FILE = YES;
				IPHONEOS_DEPLOYMENT_TARGET = 18.2;
				MARKETING_VERSION = 1.0;
				PRODUCT_BUNDLE_IDENTIFIER = pomodoroPOC.pomodoroPOCTests;
				PRODUCT_NAME = "$(TARGET_NAME)";
				SWIFT_EMIT_LOC_STRINGS = NO;
				SWIFT_VERSION = 5.0;
				TARGETED_DEVICE_FAMILY = "1,2";
				TEST_HOST = "$(BUILT_PRODUCTS_DIR)/pomodoroPOC.app/$(BUNDLE_EXECUTABLE_FOLDER_PATH)/pomodoroPOC";
			};
			name = Release;
		};
		343520272D35A2AA00775955 /* Debug */ = {
			isa = XCBuildConfiguration;
			buildSettings = {
				CODE_SIGN_STYLE = Automatic;
				CURRENT_PROJECT_VERSION = 1;
				DEVELOPMENT_TEAM = MT4A7M75NC;
				GENERATE_INFOPLIST_FILE = YES;
				MARKETING_VERSION = 1.0;
				PRODUCT_BUNDLE_IDENTIFIER = pomodoroPOC.pomodoroPOCUITests;
				PRODUCT_NAME = "$(TARGET_NAME)";
				SWIFT_EMIT_LOC_STRINGS = NO;
				SWIFT_VERSION = 5.0;
				TARGETED_DEVICE_FAMILY = "1,2";
				TEST_TARGET_NAME = pomodoroPOC;
			};
			name = Debug;
		};
		343520282D35A2AA00775955 /* Release */ = {
			isa = XCBuildConfiguration;
			buildSettings = {
				CODE_SIGN_STYLE = Automatic;
				CURRENT_PROJECT_VERSION = 1;
				DEVELOPMENT_TEAM = MT4A7M75NC;
				GENERATE_INFOPLIST_FILE = YES;
				MARKETING_VERSION = 1.0;
				PRODUCT_BUNDLE_IDENTIFIER = pomodoroPOC.pomodoroPOCUITests;
				PRODUCT_NAME = "$(TARGET_NAME)";
				SWIFT_EMIT_LOC_STRINGS = NO;
				SWIFT_VERSION = 5.0;
				TARGETED_DEVICE_FAMILY = "1,2";
				TEST_TARGET_NAME = pomodoroPOC;
			};
			name = Release;
		};
/* End XCBuildConfiguration section */

/* Begin XCConfigurationList section */
		34351FF52D35A2A800775955 /* Build configuration list for PBXProject "pomodoroPOC" */ = {
			isa = XCConfigurationList;
			buildConfigurations = (
				3435201E2D35A2AA00775955 /* Debug */,
				3435201F2D35A2AA00775955 /* Release */,
			);
			defaultConfigurationIsVisible = 0;
			defaultConfigurationName = Release;
		};
		343520202D35A2AA00775955 /* Build configuration list for PBXNativeTarget "pomodoroPOC" */ = {
			isa = XCConfigurationList;
			buildConfigurations = (
				343520212D35A2AA00775955 /* Debug */,
				343520222D35A2AA00775955 /* Release */,
			);
			defaultConfigurationIsVisible = 0;
			defaultConfigurationName = Release;
		};
		343520232D35A2AA00775955 /* Build configuration list for PBXNativeTarget "pomodoroPOCTests" */ = {
			isa = XCConfigurationList;
			buildConfigurations = (
				343520242D35A2AA00775955 /* Debug */,
				343520252D35A2AA00775955 /* Release */,
			);
			defaultConfigurationIsVisible = 0;
			defaultConfigurationName = Release;
		};
		343520262D35A2AA00775955 /* Build configuration list for PBXNativeTarget "pomodoroPOCUITests" */ = {
			isa = XCConfigurationList;
			buildConfigurations = (
				343520272D35A2AA00775955 /* Debug */,
				343520282D35A2AA00775955 /* Release */,
			);
			defaultConfigurationIsVisible = 0;
			defaultConfigurationName = Release;
		};
/* End XCConfigurationList section */
	};
	rootObject = 34351FF22D35A2A800775955 /* Project object */;
}
